
Microsoft Visual Studio Solution File, Format Version 12.00
# Visual Studio Version 16
VisualStudioVersion = 16.0.31410.357
MinimumVisualStudioVersion = 10.0.40219.1
Project("{9A19103F-16F7-4668-BE54-9A1E7A4F7556}") = "ShapeFinder", "ShapeFinder\ShapeFinder.csproj", "{39FA26E0-B7FF-4807-BA06-7121ED5E27A8}"
EndProject
Project("{FAE04EC0-301F-11D3-BF4B-00C04F79EFBC}") = "ShapeFinder.Test", "ShapeFinder.Test\ShapeFinder.Test.csproj", "{0F131742-431C-46D8-B405-023BEF0EB1F9}"
EndProject
Global
	GlobalSection(SolutionConfigurationPlatforms) = preSolution
		Debug|Any CPU = Debug|Any CPU
		Release|Any CPU = Release|Any CPU
	EndGlobalSection
	GlobalSection(ProjectConfigurationPlatforms) = postSolution
		{39FA26E0-B7FF-4807-BA06-7121ED5E27A8}.Debug|Any CPU.ActiveCfg = Debug|Any CPU
		{39FA26E0-B7FF-4807-BA06-7121ED5E27A8}.Debug|Any CPU.Build.0 = Debug|Any CPU
		{39FA26E0-B7FF-4807-BA06-7121ED5E27A8}.Release|Any CPU.ActiveCfg = Release|Any CPU
		{39FA26E0-B7FF-4807-BA06-7121ED5E27A8}.Release|Any CPU.Build.0 = Release|Any CPU
		{0F131742-431C-46D8-B405-023BEF0EB1F9}.Debug|Any CPU.ActiveCfg = Debug|Any CPU
		{0F131742-431C-46D8-B405-023BEF0EB1F9}.Debug|Any CPU.Build.0 = Debug|Any CPU
		{0F131742-431C-46D8-B405-023BEF0EB1F9}.Release|Any CPU.ActiveCfg = Release|Any CPU
		{0F131742-431C-46D8-B405-023BEF0EB1F9}.Release|Any CPU.Build.0 = Release|Any CPU
	EndGlobalSection
	GlobalSection(SolutionProperties) = preSolution
		HideSolutionNode = FALSE
	EndGlobalSection
	GlobalSection(ExtensibilityGlobals) = postSolution
		SolutionGuid = {6697C888-870E-4742-A8CB-1B54E08D60A6}
	EndGlobalSection
EndGlobal
